
Microsoft Visual Studio Solution File, Format Version 12.00
# Visual Studio Version 17
VisualStudioVersion = 17.13.35825.156
MinimumVisualStudioVersion = 10.0.40219.1
Project("{FAE04EC0-301F-11D3-BF4B-00C04F79EFBC}") = "DATABASE_PROJECT", "DATABASE_PROJECT\DATABASE_PROJECT.csproj", "{34DDF012-3B24-4F0A-ABC7-05F9D1021160}"
EndProject
Project("{54435603-DBB4-11D2-8724-00A0C9A8B90C}") = "Setup1", "Setup1\Setup1.vdproj", "{F5D91FD6-F519-3AC5-2EF1-6ADD62B256F6}"
EndProject
Global
	GlobalSection(SolutionConfigurationPlatforms) = preSolution
		Debug|Any CPU = Debug|Any CPU
		Release|Any CPU = Release|Any CPU
	EndGlobalSection
	GlobalSection(ProjectConfigurationPlatforms) = postSolution
		{34DDF012-3B24-4F0A-ABC7-05F9D1021160}.Debug|Any CPU.ActiveCfg = Debug|Any CPU
		{34DDF012-3B24-4F0A-ABC7-05F9D1021160}.Debug|Any CPU.Build.0 = Debug|Any CPU
		{34DDF012-3B24-4F0A-ABC7-05F9D1021160}.Release|Any CPU.ActiveCfg = Release|Any CPU
		{34DDF012-3B24-4F0A-ABC7-05F9D1021160}.Release|Any CPU.Build.0 = Release|Any CPU
		{F5D91FD6-F519-3AC5-2EF1-6ADD62B256F6}.Debug|Any CPU.ActiveCfg = Debug
		{F5D91FD6-F519-3AC5-2EF1-6ADD62B256F6}.Release|Any CPU.ActiveCfg = Release
	EndGlobalSection
	GlobalSection(SolutionProperties) = preSolution
		HideSolutionNode = FALSE
	EndGlobalSection
	GlobalSection(ExtensibilityGlobals) = postSolution
		SolutionGuid = {FCFB4D34-6CE5-4FF5-8C40-42A4AFF57856}
	EndGlobalSection
EndGlobal
